
Microsoft Visual Studio Solution File, Format Version 12.00
# Visual Studio Version 17
VisualStudioVersion = 17.0.31903.59
MinimumVisualStudioVersion = 10.0.40219.1
Project("{FAE04EC0-301F-11D3-BF4B-00C04F79EFBC}") = "Repeaters.NET.Api", "Repeaters.NET.Api\Repeaters.NET.Api.csproj", "{06020CB7-82B6-4A82-8C06-A82A6DFD0CDC}"
EndProject
Global
	GlobalSection(SolutionConfigurationPlatforms) = preSolution
		Debug|Any CPU = Debug|Any CPU
		Release|Any CPU = Release|Any CPU
	EndGlobalSection
	GlobalSection(SolutionProperties) = preSolution
		HideSolutionNode = FALSE
	EndGlobalSection
	GlobalSection(ProjectConfigurationPlatforms) = postSolution
		{06020CB7-82B6-4A82-8C06-A82A6DFD0CDC}.Debug|Any CPU.ActiveCfg = Debug|Any CPU
		{06020CB7-82B6-4A82-8C06-A82A6DFD0CDC}.Debug|Any CPU.Build.0 = Debug|Any CPU
		{06020CB7-82B6-4A82-8C06-A82A6DFD0CDC}.Release|Any CPU.ActiveCfg = Release|Any CPU
		{06020CB7-82B6-4A82-8C06-A82A6DFD0CDC}.Release|Any CPU.Build.0 = Release|Any CPU
	EndGlobalSection
EndGlobal
